
Microsoft Visual Studio Solution File, Format Version 12.00
# Visual Studio Version 16
VisualStudioVersion = 16.0.31129.286
MinimumVisualStudioVersion = 10.0.40219.1
Project("{FAE04EC0-301F-11D3-BF4B-00C04F79EFBC}") = "SouqScrapper", "SouqScrapper\SouqScrapper.csproj", "{931574D9-576B-4239-8BAD-F9EDDCD753E2}"
EndProject
Global
	GlobalSection(SolutionConfigurationPlatforms) = preSolution
		Debug|Any CPU = Debug|Any CPU
		Release|Any CPU = Release|Any CPU
	EndGlobalSection
	GlobalSection(ProjectConfigurationPlatforms) = postSolution
		{931574D9-576B-4239-8BAD-F9EDDCD753E2}.Debug|Any CPU.ActiveCfg = Debug|Any CPU
		{931574D9-576B-4239-8BAD-F9EDDCD753E2}.Debug|Any CPU.Build.0 = Debug|Any CPU
		{931574D9-576B-4239-8BAD-F9EDDCD753E2}.Release|Any CPU.ActiveCfg = Release|Any CPU
		{931574D9-576B-4239-8BAD-F9EDDCD753E2}.Release|Any CPU.Build.0 = Release|Any CPU
	EndGlobalSection
	GlobalSection(SolutionProperties) = preSolution
		HideSolutionNode = FALSE
	EndGlobalSection
	GlobalSection(ExtensibilityGlobals) = postSolution
		SolutionGuid = {4F127B85-EC54-4439-B7D0-5B3D7B7B98AA}
	EndGlobalSection
EndGlobal
